
Microsoft Visual Studio Solution File, Format Version 12.00
# Visual Studio Version 17
VisualStudioVersion = 17.10.35004.147
MinimumVisualStudioVersion = 10.0.40219.1
Project("{9A19103F-16F7-4668-BE54-9A1E7A4F7556}") = "LiveChat.Server", "LiveChat.Server\LiveChat.Server.csproj", "{7BB2E80D-3F49-4000-9897-AB4B67526474}"
EndProject
Project("{54A90642-561A-4BB1-A94E-469ADEE60C69}") = "livechat.client", "livechat.client\livechat.client.esproj", "{0F2DB2EF-3AC2-4CBC-948A-1C6D5BC076E2}"
EndProject
Global
	GlobalSection(SolutionConfigurationPlatforms) = preSolution
		Debug|Any CPU = Debug|Any CPU
		Release|Any CPU = Release|Any CPU
	EndGlobalSection
	GlobalSection(ProjectConfigurationPlatforms) = postSolution
		{7BB2E80D-3F49-4000-9897-AB4B67526474}.Debug|Any CPU.ActiveCfg = Debug|Any CPU
		{7BB2E80D-3F49-4000-9897-AB4B67526474}.Debug|Any CPU.Build.0 = Debug|Any CPU
		{7BB2E80D-3F49-4000-9897-AB4B67526474}.Release|Any CPU.ActiveCfg = Release|Any CPU
		{7BB2E80D-3F49-4000-9897-AB4B67526474}.Release|Any CPU.Build.0 = Release|Any CPU
		{0F2DB2EF-3AC2-4CBC-948A-1C6D5BC076E2}.Debug|Any CPU.ActiveCfg = Debug|Any CPU
		{0F2DB2EF-3AC2-4CBC-948A-1C6D5BC076E2}.Debug|Any CPU.Build.0 = Debug|Any CPU
		{0F2DB2EF-3AC2-4CBC-948A-1C6D5BC076E2}.Debug|Any CPU.Deploy.0 = Debug|Any CPU
		{0F2DB2EF-3AC2-4CBC-948A-1C6D5BC076E2}.Release|Any CPU.ActiveCfg = Release|Any CPU
		{0F2DB2EF-3AC2-4CBC-948A-1C6D5BC076E2}.Release|Any CPU.Build.0 = Release|Any CPU
		{0F2DB2EF-3AC2-4CBC-948A-1C6D5BC076E2}.Release|Any CPU.Deploy.0 = Release|Any CPU
	EndGlobalSection
	GlobalSection(SolutionProperties) = preSolution
		HideSolutionNode = FALSE
	EndGlobalSection
	GlobalSection(ExtensibilityGlobals) = postSolution
		SolutionGuid = {C9697C61-D3BD-4325-8CA0-7D4A0E99EC79}
	EndGlobalSection
EndGlobal
